
Microsoft Visual Studio Solution File, Format Version 12.00
# Visual Studio Version 16
VisualStudioVersion = 16.0.30503.244
MinimumVisualStudioVersion = 10.0.40219.1
Project("{FAE04EC0-301F-11D3-BF4B-00C04F79EFBC}") = "Aula07_CalculoSalarioVendedorComComissao", "Aula07_CalculoSalarioVendedorComComissao\Aula07_CalculoSalarioVendedorComComissao.csproj", "{156E136A-D811-4928-BD51-0ADC90A62B3B}"
EndProject
Global
	GlobalSection(SolutionConfigurationPlatforms) = preSolution
		Debug|Any CPU = Debug|Any CPU
		Release|Any CPU = Release|Any CPU
	EndGlobalSection
	GlobalSection(ProjectConfigurationPlatforms) = postSolution
		{156E136A-D811-4928-BD51-0ADC90A62B3B}.Debug|Any CPU.ActiveCfg = Debug|Any CPU
		{156E136A-D811-4928-BD51-0ADC90A62B3B}.Debug|Any CPU.Build.0 = Debug|Any CPU
		{156E136A-D811-4928-BD51-0ADC90A62B3B}.Release|Any CPU.ActiveCfg = Release|Any CPU
		{156E136A-D811-4928-BD51-0ADC90A62B3B}.Release|Any CPU.Build.0 = Release|Any CPU
	EndGlobalSection
	GlobalSection(SolutionProperties) = preSolution
		HideSolutionNode = FALSE
	EndGlobalSection
	GlobalSection(ExtensibilityGlobals) = postSolution
		SolutionGuid = {D3A509C8-250B-4429-8596-8069C255B8CA}
	EndGlobalSection
EndGlobal
